
Microsoft Visual Studio Solution File, Format Version 12.00
# Visual Studio Version 17
VisualStudioVersion = 17.7.34024.191
MinimumVisualStudioVersion = 10.0.40219.1
Project("{FAE04EC0-301F-11D3-BF4B-00C04F79EFBC}") = "MvcStartApp2", "MvcStartApp2\MvcStartApp2.csproj", "{6183A568-D322-4404-AC2D-C03C1E5161EE}"
EndProject
Global
	GlobalSection(SolutionConfigurationPlatforms) = preSolution
		Debug|Any CPU = Debug|Any CPU
		Release|Any CPU = Release|Any CPU
	EndGlobalSection
	GlobalSection(ProjectConfigurationPlatforms) = postSolution
		{6183A568-D322-4404-AC2D-C03C1E5161EE}.Debug|Any CPU.ActiveCfg = Debug|Any CPU
		{6183A568-D322-4404-AC2D-C03C1E5161EE}.Debug|Any CPU.Build.0 = Debug|Any CPU
		{6183A568-D322-4404-AC2D-C03C1E5161EE}.Release|Any CPU.ActiveCfg = Release|Any CPU
		{6183A568-D322-4404-AC2D-C03C1E5161EE}.Release|Any CPU.Build.0 = Release|Any CPU
	EndGlobalSection
	GlobalSection(SolutionProperties) = preSolution
		HideSolutionNode = FALSE
	EndGlobalSection
	GlobalSection(ExtensibilityGlobals) = postSolution
		SolutionGuid = {29135981-7CBA-4A53-8669-7D3C364801C2}
	EndGlobalSection
EndGlobal
